{
  "originHash" : "870d9b3741f2dd37f0950340c701e9b2e756d249fc34be7d4a7792305e62239c",
  "pins" : [
    {
      "identity" : "agorartm_apple",
      "kind" : "remoteSourceControl",
      "location" : "https://github.com/AgoraIO/AgoraRtm_Apple.git",
      "state" : {
        "revision" : "078399d7698105bc0f9accd41a990b91ecdb4d60",
        "version" : "2.2.4"
      }
    }
  ],
  "version" : 3
}
